
Microsoft Visual Studio Solution File, Format Version 12.00
# Visual Studio Version 16
VisualStudioVersion = 16.0.30907.101
MinimumVisualStudioVersion = 10.0.40219.1
Project("{FAE04EC0-301F-11D3-BF4B-00C04F79EFBC}") = "LizProject1", "LizProject1.csproj", "{7C166F56-6B20-4B63-A74F-2295D895FCF9}"
EndProject
Project("{FAE04EC0-301F-11D3-BF4B-00C04F79EFBC}") = "UIExample", "..\UIExample\UIExample.csproj", "{2B442D36-7D0C-435E-90F4-15A7C9029209}"
EndProject
Global
	GlobalSection(SolutionConfigurationPlatforms) = preSolution
		Debug|Any CPU = Debug|Any CPU
		Release|Any CPU = Release|Any CPU
	EndGlobalSection
	GlobalSection(ProjectConfigurationPlatforms) = postSolution
		{7C166F56-6B20-4B63-A74F-2295D895FCF9}.Debug|Any CPU.ActiveCfg = Debug|Any CPU
		{7C166F56-6B20-4B63-A74F-2295D895FCF9}.Debug|Any CPU.Build.0 = Debug|Any CPU
		{7C166F56-6B20-4B63-A74F-2295D895FCF9}.Release|Any CPU.ActiveCfg = Release|Any CPU
		{7C166F56-6B20-4B63-A74F-2295D895FCF9}.Release|Any CPU.Build.0 = Release|Any CPU
		{2B442D36-7D0C-435E-90F4-15A7C9029209}.Debug|Any CPU.ActiveCfg = Debug|Any CPU
		{2B442D36-7D0C-435E-90F4-15A7C9029209}.Debug|Any CPU.Build.0 = Debug|Any CPU
		{2B442D36-7D0C-435E-90F4-15A7C9029209}.Release|Any CPU.ActiveCfg = Release|Any CPU
		{2B442D36-7D0C-435E-90F4-15A7C9029209}.Release|Any CPU.Build.0 = Release|Any CPU
	EndGlobalSection
	GlobalSection(SolutionProperties) = preSolution
		HideSolutionNode = FALSE
	EndGlobalSection
	GlobalSection(ExtensibilityGlobals) = postSolution
		SolutionGuid = {F2B3A23C-7392-412A-8AA7-31EFD6F4845C}
	EndGlobalSection
EndGlobal
